
Microsoft Visual Studio Solution File, Format Version 12.00
# Visual Studio Version 17
VisualStudioVersion = 17.13.35931.197 d17.13
MinimumVisualStudioVersion = 10.0.40219.1
Project("{FAE04EC0-301F-11D3-BF4B-00C04F79EFBC}") = "Parallel Monitor of Files in Directory", "Parallel Monitor of Files in Directory\Parallel Monitor of Files in Directory.csproj", "{919D30EC-F44C-4853-ACB6-CED9F06E94D5}"
EndProject
Global
	GlobalSection(SolutionConfigurationPlatforms) = preSolution
		Debug|Any CPU = Debug|Any CPU
		Release|Any CPU = Release|Any CPU
	EndGlobalSection
	GlobalSection(ProjectConfigurationPlatforms) = postSolution
		{919D30EC-F44C-4853-ACB6-CED9F06E94D5}.Debug|Any CPU.ActiveCfg = Debug|Any CPU
		{919D30EC-F44C-4853-ACB6-CED9F06E94D5}.Debug|Any CPU.Build.0 = Debug|Any CPU
		{919D30EC-F44C-4853-ACB6-CED9F06E94D5}.Release|Any CPU.ActiveCfg = Release|Any CPU
		{919D30EC-F44C-4853-ACB6-CED9F06E94D5}.Release|Any CPU.Build.0 = Release|Any CPU
	EndGlobalSection
	GlobalSection(SolutionProperties) = preSolution
		HideSolutionNode = FALSE
	EndGlobalSection
	GlobalSection(ExtensibilityGlobals) = postSolution
		SolutionGuid = {1832FC1A-CBB4-42F5-9C24-184D580E175A}
	EndGlobalSection
EndGlobal
